
Microsoft Visual Studio Solution File, Format Version 12.00
# Visual Studio 14
VisualStudioVersion = 14.0.25123.0
MinimumVisualStudioVersion = 10.0.40219.1
Project("{2150E333-8FDC-42A3-9474-1A3956D46DE8}") = "src", "src", "{356D7BEF-BE8F-4C8E-91D0-3F3A02B225D4}"
EndProject
Project("{2150E333-8FDC-42A3-9474-1A3956D46DE8}") = "Solution Items", "Solution Items", "{D015F593-C70E-415F-B40F-C845032C2A23}"
	ProjectSection(SolutionItems) = preProject
		global.json = global.json
	EndProjectSection
EndProject
Project("{8BB2217D-0F2D-49D1-97BC-3654ED321F3B}") = "AdminLteMvcCore", "src\AdminLteMvcCore\AdminLteMvcCore.xproj", "{BE9C9010-7DD8-44D8-9D0D-DD7445502262}"
EndProject
Global
	GlobalSection(SolutionConfigurationPlatforms) = preSolution
		Debug|Any CPU = Debug|Any CPU
		Release|Any CPU = Release|Any CPU
	EndGlobalSection
	GlobalSection(ProjectConfigurationPlatforms) = postSolution
		{BE9C9010-7DD8-44D8-9D0D-DD7445502262}.Debug|Any CPU.ActiveCfg = Debug|Any CPU
		{BE9C9010-7DD8-44D8-9D0D-DD7445502262}.Debug|Any CPU.Build.0 = Debug|Any CPU
		{BE9C9010-7DD8-44D8-9D0D-DD7445502262}.Release|Any CPU.ActiveCfg = Release|Any CPU
		{BE9C9010-7DD8-44D8-9D0D-DD7445502262}.Release|Any CPU.Build.0 = Release|Any CPU
	EndGlobalSection
	GlobalSection(SolutionProperties) = preSolution
		HideSolutionNode = FALSE
	EndGlobalSection
	GlobalSection(NestedProjects) = preSolution
		{BE9C9010-7DD8-44D8-9D0D-DD7445502262} = {356D7BEF-BE8F-4C8E-91D0-3F3A02B225D4}
	EndGlobalSection
EndGlobal
